// !$*UTF8*$!
{
	archiveVersion = 1;
	classes = {
	};
	objectVersion = 55;
	objects = {

/* Begin PBXBuildFile section */
		22946E1B27D721DF00A43961 /* ServicesStore.swift in Sources */ = {isa = PBXBuildFile; fileRef = 22946E1A27D721DF00A43961 /* ServicesStore.swift */; };
		22946E1D27D731F200A43961 /* ErrorWrapper.swift in Sources */ = {isa = PBXBuildFile; fileRef = 22946E1C27D731F200A43961 /* ErrorWrapper.swift */; };
		22946E1F27D7360D00A43961 /* ErrorView.swift in Sources */ = {isa = PBXBuildFile; fileRef = 22946E1E27D7360D00A43961 /* ErrorView.swift */; };
		22A4C92D27CD70D800856FB4 /* AppNavigation.swift in Sources */ = {isa = PBXBuildFile; fileRef = 22A4C92C27CD70D800856FB4 /* AppNavigation.swift */; };
		22A6D53C27CB60A300F1DBAC /* CarServiceApp.swift in Sources */ = {isa = PBXBuildFile; fileRef = 22A6D53B27CB60A300F1DBAC /* CarServiceApp.swift */; };
		22A6D53E27CB60A300F1DBAC /* ServicesHistory.swift in Sources */ = {isa = PBXBuildFile; fileRef = 22A6D53D27CB60A300F1DBAC /* ServicesHistory.swift */; };
		22A6D54027CB60A500F1DBAC /* Assets.xcassets in Resources */ = {isa = PBXBuildFile; fileRef = 22A6D53F27CB60A500F1DBAC /* Assets.xcassets */; };
		22A6D54327CB60A500F1DBAC /* Preview Assets.xcassets in Resources */ = {isa = PBXBuildFile; fileRef = 22A6D54227CB60A500F1DBAC /* Preview Assets.xcassets */; };
		22A6D54C27CCA0B800F1DBAC /* Service.swift in Sources */ = {isa = PBXBuildFile; fileRef = 22A6D54B27CCA0B800F1DBAC /* Service.swift */; };
		22A6D54E27CCA1D600F1DBAC /* ServiceRow.swift in Sources */ = {isa = PBXBuildFile; fileRef = 22A6D54D27CCA1D500F1DBAC /* ServiceRow.swift */; };
		22A6D55027CCA90100F1DBAC /* ServiceView.swift in Sources */ = {isa = PBXBuildFile; fileRef = 22A6D54F27CCA90100F1DBAC /* ServiceView.swift */; };
		22BACFC927D018B000CC7151 /* ServiceRecord.swift in Sources */ = {isa = PBXBuildFile; fileRef = 22BACFC827D018B000CC7151 /* ServiceRecord.swift */; };
		22D3027227CD838B001E7C12 /* Menu2.swift in Sources */ = {isa = PBXBuildFile; fileRef = 22D3027127CD838B001E7C12 /* Menu2.swift */; };
		22D3027427CD83DF001E7C12 /* Menu3.swift in Sources */ = {isa = PBXBuildFile; fileRef = 22D3027327CD83DF001E7C12 /* Menu3.swift */; };
		22D3027627CD8406001E7C12 /* Menu4.swift in Sources */ = {isa = PBXBuildFile; fileRef = 22D3027527CD8406001E7C12 /* Menu4.swift */; };
/* End PBXBuildFile section */

/* Begin PBXFileReference section */
		22946E1A27D721DF00A43961 /* ServicesStore.swift */ = {isa = PBXFileReference; lastKnownFileType = sourcecode.swift; path = ServicesStore.swift; sourceTree = "<group>"; };
		22946E1C27D731F200A43961 /* ErrorWrapper.swift */ = {isa = PBXFileReference; lastKnownFileType = sourcecode.swift; path = ErrorWrapper.swift; sourceTree = "<group>"; };
		22946E1E27D7360D00A43961 /* ErrorView.swift */ = {isa = PBXFileReference; lastKnownFileType = sourcecode.swift; path = ErrorView.swift; sourceTree = "<group>"; };
		22A4C92C27CD70D800856FB4 /* AppNavigation.swift */ = {isa = PBXFileReference; lastKnownFileType = sourcecode.swift; path = AppNavigation.swift; sourceTree = "<group>"; };
		22A6D53827CB60A300F1DBAC /* CarService.app */ = {isa = PBXFileReference; explicitFileType = wrapper.application; includeInIndex = 0; path = CarService.app; sourceTree = BUILT_PRODUCTS_DIR; };
		22A6D53B27CB60A300F1DBAC /* CarServiceApp.swift */ = {isa = PBXFileReference; lastKnownFileType = sourcecode.swift; path = CarServiceApp.swift; sourceTree = "<group>"; };
		22A6D53D27CB60A300F1DBAC /* ServicesHistory.swift */ = {isa = PBXFileReference; lastKnownFileType = sourcecode.swift; path = ServicesHistory.swift; sourceTree = "<group>"; };
		22A6D53F27CB60A500F1DBAC /* Assets.xcassets */ = {isa = PBXFileReference; lastKnownFileType = folder.assetcatalog; path = Assets.xcassets; sourceTree = "<group>"; };
		22A6D54227CB60A500F1DBAC /* Preview Assets.xcassets */ = {isa = PBXFileReference; lastKnownFileType = folder.assetcatalog; path = "Preview Assets.xcassets"; sourceTree = "<group>"; };
		22A6D54B27CCA0B800F1DBAC /* Service.swift */ = {isa = PBXFileReference; lastKnownFileType = sourcecode.swift; path = Service.swift; sourceTree = "<group>"; };
		22A6D54D27CCA1D500F1DBAC /* ServiceRow.swift */ = {isa = PBXFileReference; lastKnownFileType = sourcecode.swift; path = ServiceRow.swift; sourceTree = "<group>"; };
		22A6D54F27CCA90100F1DBAC /* ServiceView.swift */ = {isa = PBXFileReference; lastKnownFileType = sourcecode.swift; path = ServiceView.swift; sourceTree = "<group>"; };
		22BACFC827D018B000CC7151 /* ServiceRecord.swift */ = {isa = PBXFileReference; lastKnownFileType = sourcecode.swift; path = ServiceRecord.swift; sourceTree = "<group>"; };
		22D3027127CD838B001E7C12 /* Menu2.swift */ = {isa = PBXFileReference; lastKnownFileType = sourcecode.swift; path = Menu2.swift; sourceTree = "<group>"; };
		22D3027327CD83DF001E7C12 /* Menu3.swift */ = {isa = PBXFileReference; lastKnownFileType = sourcecode.swift; path = Menu3.swift; sourceTree = "<group>"; };
		22D3027527CD8406001E7C12 /* Menu4.swift */ = {isa = PBXFileReference; lastKnownFileType = sourcecode.swift; path = Menu4.swift; sourceTree = "<group>"; };
/* End PBXFileReference section */

/* Begin PBXFrameworksBuildPhase section */
		22A6D53527CB60A300F1DBAC /* Frameworks */ = {
			isa = PBXFrameworksBuildPhase;
			buildActionMask = 2147483647;
			files = (
			);
			runOnlyForDeploymentPostprocessing = 0;
		};
/* End PBXFrameworksBuildPhase section */

/* Begin PBXGroup section */
		22A4C92A27CD6D0900856FB4 /* Model */ = {
			isa = PBXGroup;
			children = (
				22A6D54B27CCA0B800F1DBAC /* Service.swift */,
				22946E1A27D721DF00A43961 /* ServicesStore.swift */,
				22946E1C27D731F200A43961 /* ErrorWrapper.swift */,
			);
			path = Model;
			sourceTree = "<group>";
		};
		22A4C92B27CD6D3200856FB4 /* Navigation */ = {
			isa = PBXGroup;
			children = (
				22A4C92C27CD70D800856FB4 /* AppNavigation.swift */,
			);
			path = Navigation;
			sourceTree = "<group>";
		};
		22A6D52F27CB60A200F1DBAC = {
			isa = PBXGroup;
			children = (
				22A6D53A27CB60A300F1DBAC /* CarService */,
				22A6D53927CB60A300F1DBAC /* Products */,
			);
			sourceTree = "<group>";
		};
		22A6D53927CB60A300F1DBAC /* Products */ = {
			isa = PBXGroup;
			children = (
				22A6D53827CB60A300F1DBAC /* CarService.app */,
			);
			name = Products;
			sourceTree = "<group>";
		};
		22A6D53A27CB60A300F1DBAC /* CarService */ = {
			isa = PBXGroup;
			children = (
				22A6D53B27CB60A300F1DBAC /* CarServiceApp.swift */,
				22A4C92A27CD6D0900856FB4 /* Model */,
				22A4C92B27CD6D3200856FB4 /* Navigation */,
				22BACFCA27D0203800CC7151 /* Views */,
				22A6D53F27CB60A500F1DBAC /* Assets.xcassets */,
				22A6D54127CB60A500F1DBAC /* Preview Content */,
			);
			path = CarService;
			sourceTree = "<group>";
		};
		22A6D54127CB60A500F1DBAC /* Preview Content */ = {
			isa = PBXGroup;
			children = (
				22A6D54227CB60A500F1DBAC /* Preview Assets.xcassets */,
			);
			path = "Preview Content";
			sourceTree = "<group>";
		};
		22BACFCA27D0203800CC7151 /* Views */ = {
			isa = PBXGroup;
			children = (
				22A6D53D27CB60A300F1DBAC /* ServicesHistory.swift */,
				22A6D54F27CCA90100F1DBAC /* ServiceView.swift */,
				22BACFC827D018B000CC7151 /* ServiceRecord.swift */,
				22D3027127CD838B001E7C12 /* Menu2.swift */,
				22D3027327CD83DF001E7C12 /* Menu3.swift */,
				22D3027527CD8406001E7C12 /* Menu4.swift */,
				22A6D54D27CCA1D500F1DBAC /* ServiceRow.swift */,
				22946E1E27D7360D00A43961 /* ErrorView.swift */,
			);
			path = Views;
			sourceTree = "<group>";
		};
/* End PBXGroup section */

/* Begin PBXNativeTarget section */
		22A6D53727CB60A300F1DBAC /* CarService */ = {
			isa = PBXNativeTarget;
			buildConfigurationList = 22A6D54627CB60A500F1DBAC /* Build configuration list for PBXNativeTarget "CarService" */;
			buildPhases = (
				22A6D53427CB60A300F1DBAC /* Sources */,
				22A6D53527CB60A300F1DBAC /* Frameworks */,
				22A6D53627CB60A300F1DBAC /* Resources */,
			);
			buildRules = (
			);
			dependencies = (
			);
			name = CarService;
			productName = CarService;
			productReference = 22A6D53827CB60A300F1DBAC /* CarService.app */;
			productType = "com.apple.product-type.application";
		};
/* End PBXNativeTarget section */

/* Begin PBXProject section */
		22A6D53027CB60A300F1DBAC /* Project object */ = {
			isa = PBXProject;
			attributes = {
				BuildIndependentTargetsInParallel = 1;
				LastSwiftUpdateCheck = 1320;
				LastUpgradeCheck = 1320;
				TargetAttributes = {
					22A6D53727CB60A300F1DBAC = {
						CreatedOnToolsVersion = 13.2.1;
					};
				};
			};
			buildConfigurationList = 22A6D53327CB60A300F1DBAC /* Build configuration list for PBXProject "CarService" */;
			compatibilityVersion = "Xcode 13.0";
			developmentRegion = en;
			hasScannedForEncodings = 0;
			knownRegions = (
				en,
				Base,
			);
			mainGroup = 22A6D52F27CB60A200F1DBAC;
			productRefGroup = 22A6D53927CB60A300F1DBAC /* Products */;
			projectDirPath = "";
			projectRoot = "";
			targets = (
				22A6D53727CB60A300F1DBAC /* CarService */,
			);
		};
/* End PBXProject section */

/* Begin PBXResourcesBuildPhase section */
		22A6D53627CB60A300F1DBAC /* Resources */ = {
			isa = PBXResourcesBuildPhase;
			buildActionMask = 2147483647;
			files = (
				22A6D54327CB60A500F1DBAC /* Preview Assets.xcassets in Resources */,
				22A6D54027CB60A500F1DBAC /* Assets.xcassets in Resources */,
			);
			runOnlyForDeploymentPostprocessing = 0;
		};
/* End PBXResourcesBuildPhase section */

/* Begin PBXSourcesBuildPhase section */
		22A6D53427CB60A300F1DBAC /* Sources */ = {
			isa = PBXSourcesBuildPhase;
			buildActionMask = 2147483647;
			files = (
				22946E1B27D721DF00A43961 /* ServicesStore.swift in Sources */,
				22A6D55027CCA90100F1DBAC /* ServiceView.swift in Sources */,
				22D3027627CD8406001E7C12 /* Menu4.swift in Sources */,
				22A6D53E27CB60A300F1DBAC /* ServicesHistory.swift in Sources */,
				22A6D53C27CB60A300F1DBAC /* CarServiceApp.swift in Sources */,
				22A4C92D27CD70D800856FB4 /* AppNavigation.swift in Sources */,
				22A6D54C27CCA0B800F1DBAC /* Service.swift in Sources */,
				22BACFC927D018B000CC7151 /* ServiceRecord.swift in Sources */,
				22946E1D27D731F200A43961 /* ErrorWrapper.swift in Sources */,
				22D3027227CD838B001E7C12 /* Menu2.swift in Sources */,
				22946E1F27D7360D00A43961 /* ErrorView.swift in Sources */,
				22D3027427CD83DF001E7C12 /* Menu3.swift in Sources */,
				22A6D54E27CCA1D600F1DBAC /* ServiceRow.swift in Sources */,
			);
			runOnlyForDeploymentPostprocessing = 0;
		};
/* End PBXSourcesBuildPhase section */

/* Begin XCBuildConfiguration section */
		22A6D54427CB60A500F1DBAC /* Debug */ = {
			isa = XCBuildConfiguration;
			buildSettings = {
				ALWAYS_SEARCH_USER_PATHS = NO;
				CLANG_ANALYZER_NONNULL = YES;
				CLANG_ANALYZER_NUMBER_OBJECT_CONVERSION = YES_AGGRESSIVE;
				CLANG_CXX_LANGUAGE_STANDARD = "gnu++17";
				CLANG_CXX_LIBRARY = "libc++";
				CLANG_ENABLE_MODULES = YES;
				CLANG_ENABLE_OBJC_ARC = YES;
				CLANG_ENABLE_OBJC_WEAK = YES;
				CLANG_WARN_BLOCK_CAPTURE_AUTORELEASING = YES;
				CLANG_WARN_BOOL_CONVERSION = YES;
				CLANG_WARN_COMMA = YES;
				CLANG_WARN_CONSTANT_CONVERSION = YES;
				CLANG_WARN_DEPRECATED_OBJC_IMPLEMENTATIONS = YES;
				CLANG_WARN_DIRECT_OBJC_ISA_USAGE = YES_ERROR;
				CLANG_WARN_DOCUMENTATION_COMMENTS = YES;
				CLANG_WARN_EMPTY_BODY = YES;
				CLANG_WARN_ENUM_CONVERSION = YES;
				CLANG_WARN_INFINITE_RECURSION = YES;
				CLANG_WARN_INT_CONVERSION = YES;
				CLANG_WARN_NON_LITERAL_NULL_CONVERSION = YES;
				CLANG_WARN_OBJC_IMPLICIT_RETAIN_SELF = YES;
				CLANG_WARN_OBJC_LITERAL_CONVERSION = YES;
				CLANG_WARN_OBJC_ROOT_CLASS = YES_ERROR;
				CLANG_WARN_QUOTED_INCLUDE_IN_FRAMEWORK_HEADER = YES;
				CLANG_WARN_RANGE_LOOP_ANALYSIS = YES;
				CLANG_WARN_STRICT_PROTOTYPES = YES;
				CLANG_WARN_SUSPICIOUS_MOVE = YES;
				CLANG_WARN_UNGUARDED_AVAILABILITY = YES_AGGRESSIVE;
				CLANG_WARN_UNREACHABLE_CODE = YES;
				CLANG_WARN__DUPLICATE_METHOD_MATCH = YES;
				COPY_PHASE_STRIP = NO;
				DEBUG_INFORMATION_FORMAT = dwarf;
				ENABLE_STRICT_OBJC_MSGSEND = YES;
				ENABLE_TESTABILITY = YES;
				GCC_C_LANGUAGE_STANDARD = gnu11;
				GCC_DYNAMIC_NO_PIC = NO;
				GCC_NO_COMMON_BLOCKS = YES;
				GCC_OPTIMIZATION_LEVEL = 0;
				GCC_PREPROCESSOR_DEFINITIONS = (
					"DEBUG=1",
					"$(inherited)",
				);
				GCC_WARN_64_TO_32_BIT_CONVERSION = YES;
				GCC_WARN_ABOUT_RETURN_TYPE = YES_ERROR;
				GCC_WARN_UNDECLARED_SELECTOR = YES;
				GCC_WARN_UNINITIALIZED_AUTOS = YES_AGGRESSIVE;
				GCC_WARN_UNUSED_FUNCTION = YES;
				GCC_WARN_UNUSED_VARIABLE = YES;
				IPHONEOS_DEPLOYMENT_TARGET = 15.2;
				MTL_ENABLE_DEBUG_INFO = INCLUDE_SOURCE;
				MTL_FAST_MATH = YES;
				ONLY_ACTIVE_ARCH = YES;
				SDKROOT = iphoneos;
				SWIFT_ACTIVE_COMPILATION_CONDITIONS = DEBUG;
				SWIFT_OPTIMIZATION_LEVEL = "-Onone";
			};
			name = Debug;
		};
		22A6D54527CB60A500F1DBAC /* Release */ = {
			isa = XCBuildConfiguration;
			buildSettings = {
				ALWAYS_SEARCH_USER_PATHS = NO;
				CLANG_ANALYZER_NONNULL = YES;
				CLANG_ANALYZER_NUMBER_OBJECT_CONVERSION = YES_AGGRESSIVE;
				CLANG_CXX_LANGUAGE_STANDARD = "gnu++17";
				CLANG_CXX_LIBRARY = "libc++";
				CLANG_ENABLE_MODULES = YES;
				CLANG_ENABLE_OBJC_ARC = YES;
				CLANG_ENABLE_OBJC_WEAK = YES;
				CLANG_WARN_BLOCK_CAPTURE_AUTORELEASING = YES;
				CLANG_WARN_BOOL_CONVERSION = YES;
				CLANG_WARN_COMMA = YES;
				CLANG_WARN_CONSTANT_CONVERSION = YES;
				CLANG_WARN_DEPRECATED_OBJC_IMPLEMENTATIONS = YES;
				CLANG_WARN_DIRECT_OBJC_ISA_USAGE = YES_ERROR;
				CLANG_WARN_DOCUMENTATION_COMMENTS = YES;
				CLANG_WARN_EMPTY_BODY = YES;
				CLANG_WARN_ENUM_CONVERSION = YES;
				CLANG_WARN_INFINITE_RECURSION = YES;
				CLANG_WARN_INT_CONVERSION = YES;
				CLANG_WARN_NON_LITERAL_NULL_CONVERSION = YES;
				CLANG_WARN_OBJC_IMPLICIT_RETAIN_SELF = YES;
				CLANG_WARN_OBJC_LITERAL_CONVERSION = YES;
				CLANG_WARN_OBJC_ROOT_CLASS = YES_ERROR;
				CLANG_WARN_QUOTED_INCLUDE_IN_FRAMEWORK_HEADER = YES;
				CLANG_WARN_RANGE_LOOP_ANALYSIS = YES;
				CLANG_WARN_STRICT_PROTOTYPES = YES;
				CLANG_WARN_SUSPICIOUS_MOVE = YES;
				CLANG_WARN_UNGUARDED_AVAILABILITY = YES_AGGRESSIVE;
				CLANG_WARN_UNREACHABLE_CODE = YES;
				CLANG_WARN__DUPLICATE_METHOD_MATCH = YES;
				COPY_PHASE_STRIP = NO;
				DEBUG_INFORMATION_FORMAT = "dwarf-with-dsym";
				ENABLE_NS_ASSERTIONS = NO;
				ENABLE_STRICT_OBJC_MSGSEND = YES;
				GCC_C_LANGUAGE_STANDARD = gnu11;
				GCC_NO_COMMON_BLOCKS = YES;
				GCC_WARN_64_TO_32_BIT_CONVERSION = YES;
				GCC_WARN_ABOUT_RETURN_TYPE = YES_ERROR;
				GCC_WARN_UNDECLARED_SELECTOR = YES;
				GCC_WARN_UNINITIALIZED_AUTOS = YES_AGGRESSIVE;
				GCC_WARN_UNUSED_FUNCTION = YES;
				GCC_WARN_UNUSED_VARIABLE = YES;
				IPHONEOS_DEPLOYMENT_TARGET = 15.2;
				MTL_ENABLE_DEBUG_INFO = NO;
				MTL_FAST_MATH = YES;
				SDKROOT = iphoneos;
				SWIFT_COMPILATION_MODE = wholemodule;
				SWIFT_OPTIMIZATION_LEVEL = "-O";
				VALIDATE_PRODUCT = YES;
			};
			name = Release;
		};
		22A6D54727CB60A500F1DBAC /* Debug */ = {
			isa = XCBuildConfiguration;
			buildSettings = {
				ASSETCATALOG_COMPILER_APPICON_NAME = AppIcon;
				ASSETCATALOG_COMPILER_GLOBAL_ACCENT_COLOR_NAME = AccentColor;
				CODE_SIGN_STYLE = Automatic;
				CURRENT_PROJECT_VERSION = 1;
				DEVELOPMENT_ASSET_PATHS = "\"CarService/Preview Content\"";
				DEVELOPMENT_TEAM = 25LN5833Z7;
				ENABLE_PREVIEWS = YES;
				GENERATE_INFOPLIST_FILE = YES;
				INFOPLIST_KEY_UIApplicationSceneManifest_Generation = YES;
				INFOPLIST_KEY_UIApplicationSupportsIndirectInputEvents = YES;
				INFOPLIST_KEY_UILaunchScreen_Generation = YES;
				INFOPLIST_KEY_UISupportedInterfaceOrientations_iPad = "UIInterfaceOrientationPortrait UIInterfaceOrientationPortraitUpsideDown UIInterfaceOrientationLandscapeLeft UIInterfaceOrientationLandscapeRight";
				INFOPLIST_KEY_UISupportedInterfaceOrientations_iPhone = "UIInterfaceOrientationPortrait UIInterfaceOrientationLandscapeLeft UIInterfaceOrientationLandscapeRight";
				LD_RUNPATH_SEARCH_PATHS = (
					"$(inherited)",
					"@executable_path/Frameworks",
				);
				MARKETING_VERSION = 1.0;
				PRODUCT_BUNDLE_IDENTIFIER = cabohut.CarService;
				PRODUCT_NAME = "$(TARGET_NAME)";
				SWIFT_EMIT_LOC_STRINGS = YES;
				SWIFT_VERSION = 5.0;
				TARGETED_DEVICE_FAMILY = "1,2";
			};
			name = Debug;
		};
		22A6D54827CB60A500F1DBAC /* Release */ = {
			isa = XCBuildConfiguration;
			buildSettings = {
				ASSETCATALOG_COMPILER_APPICON_NAME = AppIcon;
				ASSETCATALOG_COMPILER_GLOBAL_ACCENT_COLOR_NAME = AccentColor;
				CODE_SIGN_STYLE = Automatic;
				CURRENT_PROJECT_VERSION = 1;
				DEVELOPMENT_ASSET_PATHS = "\"CarService/Preview Content\"";
				DEVELOPMENT_TEAM = 25LN5833Z7;
				ENABLE_PREVIEWS = YES;
				GENERATE_INFOPLIST_FILE = YES;
				INFOPLIST_KEY_UIApplicationSceneManifest_Generation = YES;
				INFOPLIST_KEY_UIApplicationSupportsIndirectInputEvents = YES;
				INFOPLIST_KEY_UILaunchScreen_Generation = YES;
				INFOPLIST_KEY_UISupportedInterfaceOrientations_iPad = "UIInterfaceOrientationPortrait UIInterfaceOrientationPortraitUpsideDown UIInterfaceOrientationLandscapeLeft UIInterfaceOrientationLandscapeRight";
				INFOPLIST_KEY_UISupportedInterfaceOrientations_iPhone = "UIInterfaceOrientationPortrait UIInterfaceOrientationLandscapeLeft UIInterfaceOrientationLandscapeRight";
				LD_RUNPATH_SEARCH_PATHS = (
					"$(inherited)",
					"@executable_path/Frameworks",
				);
				MARKETING_VERSION = 1.0;
				PRODUCT_BUNDLE_IDENTIFIER = cabohut.CarService;
				PRODUCT_NAME = "$(TARGET_NAME)";
				SWIFT_EMIT_LOC_STRINGS = YES;
				SWIFT_VERSION = 5.0;
				TARGETED_DEVICE_FAMILY = "1,2";
			};
			name = Release;
		};
/* End XCBuildConfiguration section */

/* Begin XCConfigurationList section */
		22A6D53327CB60A300F1DBAC /* Build configuration list for PBXProject "CarService" */ = {
			isa = XCConfigurationList;
			buildConfigurations = (
				22A6D54427CB60A500F1DBAC /* Debug */,
				22A6D54527CB60A500F1DBAC /* Release */,
			);
			defaultConfigurationIsVisible = 0;
			defaultConfigurationName = Release;
		};
		22A6D54627CB60A500F1DBAC /* Build configuration list for PBXNativeTarget "CarService" */ = {
			isa = XCConfigurationList;
			buildConfigurations = (
				22A6D54727CB60A500F1DBAC /* Debug */,
				22A6D54827CB60A500F1DBAC /* Release */,
			);
			defaultConfigurationIsVisible = 0;
			defaultConfigurationName = Release;
		};
/* End XCConfigurationList section */
	};
	rootObject = 22A6D53027CB60A300F1DBAC /* Project object */;
}
